
Microsoft Visual Studio Solution File, Format Version 12.00
# Visual Studio Version 17
VisualStudioVersion = 17.5.33516.290
MinimumVisualStudioVersion = 10.0.40219.1
Project("{9A19103F-16F7-4668-BE54-9A1E7A4F7556}") = "MinimalAPIEFCore", "MinimalAPINew\MinimalAPIEFCore.csproj", "{DDCC5F54-BBA5-4920-BA68-894474E68433}"
EndProject
Global
	GlobalSection(SolutionConfigurationPlatforms) = preSolution
		Debug|Any CPU = Debug|Any CPU
		Release|Any CPU = Release|Any CPU
	EndGlobalSection
	GlobalSection(ProjectConfigurationPlatforms) = postSolution
		{DDCC5F54-BBA5-4920-BA68-894474E68433}.Debug|Any CPU.ActiveCfg = Debug|Any CPU
		{DDCC5F54-BBA5-4920-BA68-894474E68433}.Debug|Any CPU.Build.0 = Debug|Any CPU
		{DDCC5F54-BBA5-4920-BA68-894474E68433}.Release|Any CPU.ActiveCfg = Release|Any CPU
		{DDCC5F54-BBA5-4920-BA68-894474E68433}.Release|Any CPU.Build.0 = Release|Any CPU
	EndGlobalSection
	GlobalSection(SolutionProperties) = preSolution
		HideSolutionNode = FALSE
	EndGlobalSection
	GlobalSection(ExtensibilityGlobals) = postSolution
		SolutionGuid = {11219DC3-0C8A-4467-B8EA-79ACA3D5E24A}
	EndGlobalSection
EndGlobal
